
Microsoft Visual Studio Solution File, Format Version 12.00
# Visual Studio Version 17
VisualStudioVersion = 17.14.36414.22
MinimumVisualStudioVersion = 10.0.40219.1
Project("{8BC9CEB8-8B4A-11D0-8D11-00A0C91BC942}") = "GLFW Window", "GLFW Window\GLFW Window.vcxproj", "{9E8A0949-55BA-4AC0-9003-9FA66850320B}"
EndProject
Project("{8BC9CEB8-8B4A-11D0-8D11-00A0C91BC942}") = "Element Buffer Objects", "Element Buffer Objects\Element Buffer Objects.vcxproj", "{C7DE9869-763C-44BD-8093-DC52FE850DF4}"
EndProject
Project("{2150E333-8FDC-42A3-9474-1A3956D46DE8}") = "Creating Windows", "Creating Windows", "{02EA681E-C7D8-13C7-8484-4AC65E1B71E8}"
EndProject
Project("{2150E333-8FDC-42A3-9474-1A3956D46DE8}") = "Shaders", "Shaders", "{369CB01D-A1A7-72D2-AABC-3F0945D148A2}"
EndProject
Project("{2150E333-8FDC-42A3-9474-1A3956D46DE8}") = "Buffers and Drawing to Screen", "Buffers and Drawing to Screen", "{7DC331D0-3EC4-40A6-69FB-1CBEB2E0D1EA}"
EndProject
Project("{2150E333-8FDC-42A3-9474-1A3956D46DE8}") = "Exercises", "Exercises", "{57AA1C26-D013-46F8-BB9E-163BCA5C2080}"
EndProject
Project("{8BC9CEB8-8B4A-11D0-8D11-00A0C91BC942}") = "Multiple Fragment Shaders", "Multiple Fragment Shaders\Multiple Fragment Shaders.vcxproj", "{796B4F71-58FA-4196-B560-FEF42FA7CD6F}"
EndProject
Project("{8BC9CEB8-8B4A-11D0-8D11-00A0C91BC942}") = "Rectangle", "Rectangle\Rectangle.vcxproj", "{69498ECD-9173-48B4-9B5E-EF4D1B62FF87}"
EndProject
Project("{8BC9CEB8-8B4A-11D0-8D11-00A0C91BC942}") = "Triforce", "Triforce\Triforce.vcxproj", "{C25B7BFA-B0C6-4B1D-A542-E7540D224EB8}"
EndProject
Project("{8BC9CEB8-8B4A-11D0-8D11-00A0C91BC942}") = "Multiple Buffers", "Multiple Buffers\Multiple Buffers.vcxproj", "{1ECD754A-FD6B-4D08-8F4E-E7406C2BF570}"
EndProject
Project("{2150E333-8FDC-42A3-9474-1A3956D46DE8}") = "GLSL", "GLSL", "{411440E7-10F3-436A-B2FA-0E93797C1DC6}"
EndProject
Project("{8BC9CEB8-8B4A-11D0-8D11-00A0C91BC942}") = "GLSL Structure", "GLSL Structure\GLSL Structure.vcxproj", "{088D7199-9201-4E12-AF46-53E673218036}"
EndProject
Project("{8BC9CEB8-8B4A-11D0-8D11-00A0C91BC942}") = "Vertex Shader Attributes", "Vertex Shader Attributes\Vertex Shader Attributes.vcxproj", "{8016346D-B916-45C2-BEDC-F653B06DBD0F}"
EndProject
Project("{8BC9CEB8-8B4A-11D0-8D11-00A0C91BC942}") = "GLSL Datatypes", "GLSL Datatypes\GLSL Datatypes.vcxproj", "{4DC5110B-940A-4ACD-972B-7AB11DCBB724}"
EndProject
Project("{8BC9CEB8-8B4A-11D0-8D11-00A0C91BC942}") = "Ins and Outs", "Ins and Outs\Ins and Outs.vcxproj", "{9C355204-F456-4609-B2BE-B856BBEC0C73}"
EndProject
Project("{8BC9CEB8-8B4A-11D0-8D11-00A0C91BC942}") = "Uniforms", "Uniforms\Uniforms.vcxproj", "{916EA63C-0A40-4F13-8CFA-72DD0559CEBE}"
EndProject
Project("{8BC9CEB8-8B4A-11D0-8D11-00A0C91BC942}") = "Sharing Data Between Shaders", "Sharing Data Between Shaders\Sharing Data Between Shaders.vcxproj", "{D2CA4C87-E0E2-4156-974A-3DE350FB4FE8}"
EndProject
Project("{8BC9CEB8-8B4A-11D0-8D11-00A0C91BC942}") = "Multiple Attributes", "Multiple Attributes\Multiple Attributes.vcxproj", "{A39FC5BC-D45E-49B4-B672-B629916F5374}"
EndProject
Global
	GlobalSection(SolutionConfigurationPlatforms) = preSolution
		Debug|x64 = Debug|x64
		Debug|x86 = Debug|x86
		Release|x64 = Release|x64
		Release|x86 = Release|x86
	EndGlobalSection
	GlobalSection(ProjectConfigurationPlatforms) = postSolution
		{9E8A0949-55BA-4AC0-9003-9FA66850320B}.Debug|x64.ActiveCfg = Debug|x64
		{9E8A0949-55BA-4AC0-9003-9FA66850320B}.Debug|x64.Build.0 = Debug|x64
		{9E8A0949-55BA-4AC0-9003-9FA66850320B}.Debug|x86.ActiveCfg = Debug|Win32
		{9E8A0949-55BA-4AC0-9003-9FA66850320B}.Debug|x86.Build.0 = Debug|Win32
		{9E8A0949-55BA-4AC0-9003-9FA66850320B}.Release|x64.ActiveCfg = Release|x64
		{9E8A0949-55BA-4AC0-9003-9FA66850320B}.Release|x64.Build.0 = Release|x64
		{9E8A0949-55BA-4AC0-9003-9FA66850320B}.Release|x86.ActiveCfg = Release|Win32
		{9E8A0949-55BA-4AC0-9003-9FA66850320B}.Release|x86.Build.0 = Release|Win32
		{C7DE9869-763C-44BD-8093-DC52FE850DF4}.Debug|x64.ActiveCfg = Debug|x64
		{C7DE9869-763C-44BD-8093-DC52FE850DF4}.Debug|x64.Build.0 = Debug|x64
		{C7DE9869-763C-44BD-8093-DC52FE850DF4}.Debug|x86.ActiveCfg = Debug|Win32
		{C7DE9869-763C-44BD-8093-DC52FE850DF4}.Debug|x86.Build.0 = Debug|Win32
		{C7DE9869-763C-44BD-8093-DC52FE850DF4}.Release|x64.ActiveCfg = Release|x64
		{C7DE9869-763C-44BD-8093-DC52FE850DF4}.Release|x64.Build.0 = Release|x64
		{C7DE9869-763C-44BD-8093-DC52FE850DF4}.Release|x86.ActiveCfg = Release|Win32
		{C7DE9869-763C-44BD-8093-DC52FE850DF4}.Release|x86.Build.0 = Release|Win32
		{796B4F71-58FA-4196-B560-FEF42FA7CD6F}.Debug|x64.ActiveCfg = Debug|x64
		{796B4F71-58FA-4196-B560-FEF42FA7CD6F}.Debug|x64.Build.0 = Debug|x64
		{796B4F71-58FA-4196-B560-FEF42FA7CD6F}.Debug|x86.ActiveCfg = Debug|Win32
		{796B4F71-58FA-4196-B560-FEF42FA7CD6F}.Debug|x86.Build.0 = Debug|Win32
		{796B4F71-58FA-4196-B560-FEF42FA7CD6F}.Release|x64.ActiveCfg = Release|x64
		{796B4F71-58FA-4196-B560-FEF42FA7CD6F}.Release|x64.Build.0 = Release|x64
		{796B4F71-58FA-4196-B560-FEF42FA7CD6F}.Release|x86.ActiveCfg = Release|Win32
		{796B4F71-58FA-4196-B560-FEF42FA7CD6F}.Release|x86.Build.0 = Release|Win32
		{69498ECD-9173-48B4-9B5E-EF4D1B62FF87}.Debug|x64.ActiveCfg = Debug|x64
		{69498ECD-9173-48B4-9B5E-EF4D1B62FF87}.Debug|x64.Build.0 = Debug|x64
		{69498ECD-9173-48B4-9B5E-EF4D1B62FF87}.Debug|x86.ActiveCfg = Debug|Win32
		{69498ECD-9173-48B4-9B5E-EF4D1B62FF87}.Debug|x86.Build.0 = Debug|Win32
		{69498ECD-9173-48B4-9B5E-EF4D1B62FF87}.Release|x64.ActiveCfg = Release|x64
		{69498ECD-9173-48B4-9B5E-EF4D1B62FF87}.Release|x64.Build.0 = Release|x64
		{69498ECD-9173-48B4-9B5E-EF4D1B62FF87}.Release|x86.ActiveCfg = Release|Win32
		{69498ECD-9173-48B4-9B5E-EF4D1B62FF87}.Release|x86.Build.0 = Release|Win32
		{C25B7BFA-B0C6-4B1D-A542-E7540D224EB8}.Debug|x64.ActiveCfg = Debug|x64
		{C25B7BFA-B0C6-4B1D-A542-E7540D224EB8}.Debug|x64.Build.0 = Debug|x64
		{C25B7BFA-B0C6-4B1D-A542-E7540D224EB8}.Debug|x86.ActiveCfg = Debug|Win32
		{C25B7BFA-B0C6-4B1D-A542-E7540D224EB8}.Debug|x86.Build.0 = Debug|Win32
		{C25B7BFA-B0C6-4B1D-A542-E7540D224EB8}.Release|x64.ActiveCfg = Release|x64
		{C25B7BFA-B0C6-4B1D-A542-E7540D224EB8}.Release|x64.Build.0 = Release|x64
		{C25B7BFA-B0C6-4B1D-A542-E7540D224EB8}.Release|x86.ActiveCfg = Release|Win32
		{C25B7BFA-B0C6-4B1D-A542-E7540D224EB8}.Release|x86.Build.0 = Release|Win32
		{1ECD754A-FD6B-4D08-8F4E-E7406C2BF570}.Debug|x64.ActiveCfg = Debug|x64
		{1ECD754A-FD6B-4D08-8F4E-E7406C2BF570}.Debug|x64.Build.0 = Debug|x64
		{1ECD754A-FD6B-4D08-8F4E-E7406C2BF570}.Debug|x86.ActiveCfg = Debug|Win32
		{1ECD754A-FD6B-4D08-8F4E-E7406C2BF570}.Debug|x86.Build.0 = Debug|Win32
		{1ECD754A-FD6B-4D08-8F4E-E7406C2BF570}.Release|x64.ActiveCfg = Release|x64
		{1ECD754A-FD6B-4D08-8F4E-E7406C2BF570}.Release|x64.Build.0 = Release|x64
		{1ECD754A-FD6B-4D08-8F4E-E7406C2BF570}.Release|x86.ActiveCfg = Release|Win32
		{1ECD754A-FD6B-4D08-8F4E-E7406C2BF570}.Release|x86.Build.0 = Release|Win32
		{088D7199-9201-4E12-AF46-53E673218036}.Debug|x64.ActiveCfg = Debug|x64
		{088D7199-9201-4E12-AF46-53E673218036}.Debug|x64.Build.0 = Debug|x64
		{088D7199-9201-4E12-AF46-53E673218036}.Debug|x86.ActiveCfg = Debug|Win32
		{088D7199-9201-4E12-AF46-53E673218036}.Debug|x86.Build.0 = Debug|Win32
		{088D7199-9201-4E12-AF46-53E673218036}.Release|x64.ActiveCfg = Release|x64
		{088D7199-9201-4E12-AF46-53E673218036}.Release|x64.Build.0 = Release|x64
		{088D7199-9201-4E12-AF46-53E673218036}.Release|x86.ActiveCfg = Release|Win32
		{088D7199-9201-4E12-AF46-53E673218036}.Release|x86.Build.0 = Release|Win32
		{8016346D-B916-45C2-BEDC-F653B06DBD0F}.Debug|x64.ActiveCfg = Debug|x64
		{8016346D-B916-45C2-BEDC-F653B06DBD0F}.Debug|x64.Build.0 = Debug|x64
		{8016346D-B916-45C2-BEDC-F653B06DBD0F}.Debug|x86.ActiveCfg = Debug|Win32
		{8016346D-B916-45C2-BEDC-F653B06DBD0F}.Debug|x86.Build.0 = Debug|Win32
		{8016346D-B916-45C2-BEDC-F653B06DBD0F}.Release|x64.ActiveCfg = Release|x64
		{8016346D-B916-45C2-BEDC-F653B06DBD0F}.Release|x64.Build.0 = Release|x64
		{8016346D-B916-45C2-BEDC-F653B06DBD0F}.Release|x86.ActiveCfg = Release|Win32
		{8016346D-B916-45C2-BEDC-F653B06DBD0F}.Release|x86.Build.0 = Release|Win32
		{4DC5110B-940A-4ACD-972B-7AB11DCBB724}.Debug|x64.ActiveCfg = Debug|x64
		{4DC5110B-940A-4ACD-972B-7AB11DCBB724}.Debug|x64.Build.0 = Debug|x64
		{4DC5110B-940A-4ACD-972B-7AB11DCBB724}.Debug|x86.ActiveCfg = Debug|Win32
		{4DC5110B-940A-4ACD-972B-7AB11DCBB724}.Debug|x86.Build.0 = Debug|Win32
		{4DC5110B-940A-4ACD-972B-7AB11DCBB724}.Release|x64.ActiveCfg = Release|x64
		{4DC5110B-940A-4ACD-972B-7AB11DCBB724}.Release|x64.Build.0 = Release|x64
		{4DC5110B-940A-4ACD-972B-7AB11DCBB724}.Release|x86.ActiveCfg = Release|Win32
		{4DC5110B-940A-4ACD-972B-7AB11DCBB724}.Release|x86.Build.0 = Release|Win32
		{9C355204-F456-4609-B2BE-B856BBEC0C73}.Debug|x64.ActiveCfg = Debug|x64
		{9C355204-F456-4609-B2BE-B856BBEC0C73}.Debug|x64.Build.0 = Debug|x64
		{9C355204-F456-4609-B2BE-B856BBEC0C73}.Debug|x86.ActiveCfg = Debug|Win32
		{9C355204-F456-4609-B2BE-B856BBEC0C73}.Debug|x86.Build.0 = Debug|Win32
		{9C355204-F456-4609-B2BE-B856BBEC0C73}.Release|x64.ActiveCfg = Release|x64
		{9C355204-F456-4609-B2BE-B856BBEC0C73}.Release|x64.Build.0 = Release|x64
		{9C355204-F456-4609-B2BE-B856BBEC0C73}.Release|x86.ActiveCfg = Release|Win32
		{9C355204-F456-4609-B2BE-B856BBEC0C73}.Release|x86.Build.0 = Release|Win32
		{916EA63C-0A40-4F13-8CFA-72DD0559CEBE}.Debug|x64.ActiveCfg = Debug|x64
		{916EA63C-0A40-4F13-8CFA-72DD0559CEBE}.Debug|x64.Build.0 = Debug|x64
		{916EA63C-0A40-4F13-8CFA-72DD0559CEBE}.Debug|x86.ActiveCfg = Debug|Win32
		{916EA63C-0A40-4F13-8CFA-72DD0559CEBE}.Debug|x86.Build.0 = Debug|Win32
		{916EA63C-0A40-4F13-8CFA-72DD0559CEBE}.Release|x64.ActiveCfg = Release|x64
		{916EA63C-0A40-4F13-8CFA-72DD0559CEBE}.Release|x64.Build.0 = Release|x64
		{916EA63C-0A40-4F13-8CFA-72DD0559CEBE}.Release|x86.ActiveCfg = Release|Win32
		{916EA63C-0A40-4F13-8CFA-72DD0559CEBE}.Release|x86.Build.0 = Release|Win32
		{D2CA4C87-E0E2-4156-974A-3DE350FB4FE8}.Debug|x64.ActiveCfg = Debug|x64
		{D2CA4C87-E0E2-4156-974A-3DE350FB4FE8}.Debug|x64.Build.0 = Debug|x64
		{D2CA4C87-E0E2-4156-974A-3DE350FB4FE8}.Debug|x86.ActiveCfg = Debug|Win32
		{D2CA4C87-E0E2-4156-974A-3DE350FB4FE8}.Debug|x86.Build.0 = Debug|Win32
		{D2CA4C87-E0E2-4156-974A-3DE350FB4FE8}.Release|x64.ActiveCfg = Release|x64
		{D2CA4C87-E0E2-4156-974A-3DE350FB4FE8}.Release|x64.Build.0 = Release|x64
		{D2CA4C87-E0E2-4156-974A-3DE350FB4FE8}.Release|x86.ActiveCfg = Release|Win32
		{D2CA4C87-E0E2-4156-974A-3DE350FB4FE8}.Release|x86.Build.0 = Release|Win32
		{A39FC5BC-D45E-49B4-B672-B629916F5374}.Debug|x64.ActiveCfg = Debug|x64
		{A39FC5BC-D45E-49B4-B672-B629916F5374}.Debug|x64.Build.0 = Debug|x64
		{A39FC5BC-D45E-49B4-B672-B629916F5374}.Debug|x86.ActiveCfg = Debug|Win32
		{A39FC5BC-D45E-49B4-B672-B629916F5374}.Debug|x86.Build.0 = Debug|Win32
		{A39FC5BC-D45E-49B4-B672-B629916F5374}.Release|x64.ActiveCfg = Release|x64
		{A39FC5BC-D45E-49B4-B672-B629916F5374}.Release|x64.Build.0 = Release|x64
		{A39FC5BC-D45E-49B4-B672-B629916F5374}.Release|x86.ActiveCfg = Release|Win32
		{A39FC5BC-D45E-49B4-B672-B629916F5374}.Release|x86.Build.0 = Release|Win32
	EndGlobalSection
	GlobalSection(SolutionProperties) = preSolution
		HideSolutionNode = FALSE
	EndGlobalSection
	GlobalSection(NestedProjects) = preSolution
		{9E8A0949-55BA-4AC0-9003-9FA66850320B} = {02EA681E-C7D8-13C7-8484-4AC65E1B71E8}
		{C7DE9869-763C-44BD-8093-DC52FE850DF4} = {7DC331D0-3EC4-40A6-69FB-1CBEB2E0D1EA}
		{57AA1C26-D013-46F8-BB9E-163BCA5C2080} = {7DC331D0-3EC4-40A6-69FB-1CBEB2E0D1EA}
		{796B4F71-58FA-4196-B560-FEF42FA7CD6F} = {57AA1C26-D013-46F8-BB9E-163BCA5C2080}
		{69498ECD-9173-48B4-9B5E-EF4D1B62FF87} = {57AA1C26-D013-46F8-BB9E-163BCA5C2080}
		{C25B7BFA-B0C6-4B1D-A542-E7540D224EB8} = {57AA1C26-D013-46F8-BB9E-163BCA5C2080}
		{1ECD754A-FD6B-4D08-8F4E-E7406C2BF570} = {57AA1C26-D013-46F8-BB9E-163BCA5C2080}
		{411440E7-10F3-436A-B2FA-0E93797C1DC6} = {369CB01D-A1A7-72D2-AABC-3F0945D148A2}
		{088D7199-9201-4E12-AF46-53E673218036} = {411440E7-10F3-436A-B2FA-0E93797C1DC6}
		{8016346D-B916-45C2-BEDC-F653B06DBD0F} = {411440E7-10F3-436A-B2FA-0E93797C1DC6}
		{4DC5110B-940A-4ACD-972B-7AB11DCBB724} = {411440E7-10F3-436A-B2FA-0E93797C1DC6}
		{9C355204-F456-4609-B2BE-B856BBEC0C73} = {411440E7-10F3-436A-B2FA-0E93797C1DC6}
		{916EA63C-0A40-4F13-8CFA-72DD0559CEBE} = {411440E7-10F3-436A-B2FA-0E93797C1DC6}
		{D2CA4C87-E0E2-4156-974A-3DE350FB4FE8} = {411440E7-10F3-436A-B2FA-0E93797C1DC6}
		{A39FC5BC-D45E-49B4-B672-B629916F5374} = {411440E7-10F3-436A-B2FA-0E93797C1DC6}
	EndGlobalSection
	GlobalSection(ExtensibilityGlobals) = postSolution
		SolutionGuid = {1B853BD9-1A69-4BFC-8D60-09E43941F684}
	EndGlobalSection
EndGlobal
