
Microsoft Visual Studio Solution File, Format Version 12.00
# Visual Studio Version 17
VisualStudioVersion = 17.14.36414.22
MinimumVisualStudioVersion = 10.0.40219.1
Project("{8BC9CEB8-8B4A-11D0-8D11-00A0C91BC942}") = "Hello Triangle", "OpenGL-Learning\OpenGL-Learning.vcxproj", "{7354F61E-034C-4BEB-B261-8AC2977234AC}"
EndProject
Project("{8BC9CEB8-8B4A-11D0-8D11-00A0C91BC942}") = "GLFW Window", "GLFW Window\GLFW Window.vcxproj", "{9E8A0949-55BA-4AC0-9003-9FA66850320B}"
EndProject
Project("{8BC9CEB8-8B4A-11D0-8D11-00A0C91BC942}") = "Element Buffer Objects", "Element Buffer Objects\Element Buffer Objects.vcxproj", "{C7DE9869-763C-44BD-8093-DC52FE850DF4}"
EndProject
Project("{2150E333-8FDC-42A3-9474-1A3956D46DE8}") = "Creating Windows", "Creating Windows", "{02EA681E-C7D8-13C7-8484-4AC65E1B71E8}"
EndProject
Project("{2150E333-8FDC-42A3-9474-1A3956D46DE8}") = "Shaders", "Shaders", "{369CB01D-A1A7-72D2-AABC-3F0945D148A2}"
EndProject
Project("{2150E333-8FDC-42A3-9474-1A3956D46DE8}") = "Buffers and Drawing to Screen", "Buffers and Drawing to Screen", "{7DC331D0-3EC4-40A6-69FB-1CBEB2E0D1EA}"
EndProject
Project("{8BC9CEB8-8B4A-11D0-8D11-00A0C91BC942}") = "Triforce", "TwoTriangles\TwoTriangles.vcxproj", "{C25B7BFA-B0C6-4B1D-A542-E7540D224EB8}"
EndProject
Project("{8BC9CEB8-8B4A-11D0-8D11-00A0C91BC942}") = "Two Triangles", "OpenGL Template\OpenGL Template.vcxproj", "{D3503654-411E-489B-8A17-87AE77D7522E}"
EndProject
Project("{2150E333-8FDC-42A3-9474-1A3956D46DE8}") = "Exercises", "Exercises", "{57AA1C26-D013-46F8-BB9E-163BCA5C2080}"
EndProject
Project("{8BC9CEB8-8B4A-11D0-8D11-00A0C91BC942}") = "Multiple Buffer Program", "Multiple Buf\Multiple Buf.vcxproj", "{61B77D76-5AE0-4111-9953-46CB4D41D3BC}"
EndProject
Project("{8BC9CEB8-8B4A-11D0-8D11-00A0C91BC942}") = "Multiple Fragment Shaders", "Multiple Fragment Shaders\Multiple Fragment Shaders.vcxproj", "{796B4F71-58FA-4196-B560-FEF42FA7CD6F}"
EndProject
Project("{8BC9CEB8-8B4A-11D0-8D11-00A0C91BC942}") = "Rectangle", "Rectangle\Rectangle.vcxproj", "{69498ECD-9173-48B4-9B5E-EF4D1B62FF87}"
EndProject
Project("{8BC9CEB8-8B4A-11D0-8D11-00A0C91BC942}") = "Fragment Shader Gradients", "Fragment Shader Gradients\Fragment Shader Gradients.vcxproj", "{75F30E79-BBE8-4A8B-B06C-F09EAA714537}"
EndProject
Project("{8BC9CEB8-8B4A-11D0-8D11-00A0C91BC942}") = "GLSL", "GLSL\GLSL.vcxproj", "{F254EE74-FED0-4309-A795-204E12DB7474}"
EndProject
Global
	GlobalSection(SolutionConfigurationPlatforms) = preSolution
		Debug|x64 = Debug|x64
		Debug|x86 = Debug|x86
		Release|x64 = Release|x64
		Release|x86 = Release|x86
	EndGlobalSection
	GlobalSection(ProjectConfigurationPlatforms) = postSolution
		{7354F61E-034C-4BEB-B261-8AC2977234AC}.Debug|x64.ActiveCfg = Debug|x64
		{7354F61E-034C-4BEB-B261-8AC2977234AC}.Debug|x64.Build.0 = Debug|x64
		{7354F61E-034C-4BEB-B261-8AC2977234AC}.Debug|x86.ActiveCfg = Debug|Win32
		{7354F61E-034C-4BEB-B261-8AC2977234AC}.Debug|x86.Build.0 = Debug|Win32
		{7354F61E-034C-4BEB-B261-8AC2977234AC}.Release|x64.ActiveCfg = Release|x64
		{7354F61E-034C-4BEB-B261-8AC2977234AC}.Release|x64.Build.0 = Release|x64
		{7354F61E-034C-4BEB-B261-8AC2977234AC}.Release|x86.ActiveCfg = Release|Win32
		{7354F61E-034C-4BEB-B261-8AC2977234AC}.Release|x86.Build.0 = Release|Win32
		{9E8A0949-55BA-4AC0-9003-9FA66850320B}.Debug|x64.ActiveCfg = Debug|x64
		{9E8A0949-55BA-4AC0-9003-9FA66850320B}.Debug|x64.Build.0 = Debug|x64
		{9E8A0949-55BA-4AC0-9003-9FA66850320B}.Debug|x86.ActiveCfg = Debug|Win32
		{9E8A0949-55BA-4AC0-9003-9FA66850320B}.Debug|x86.Build.0 = Debug|Win32
		{9E8A0949-55BA-4AC0-9003-9FA66850320B}.Release|x64.ActiveCfg = Release|x64
		{9E8A0949-55BA-4AC0-9003-9FA66850320B}.Release|x64.Build.0 = Release|x64
		{9E8A0949-55BA-4AC0-9003-9FA66850320B}.Release|x86.ActiveCfg = Release|Win32
		{9E8A0949-55BA-4AC0-9003-9FA66850320B}.Release|x86.Build.0 = Release|Win32
		{C7DE9869-763C-44BD-8093-DC52FE850DF4}.Debug|x64.ActiveCfg = Debug|x64
		{C7DE9869-763C-44BD-8093-DC52FE850DF4}.Debug|x64.Build.0 = Debug|x64
		{C7DE9869-763C-44BD-8093-DC52FE850DF4}.Debug|x86.ActiveCfg = Debug|Win32
		{C7DE9869-763C-44BD-8093-DC52FE850DF4}.Debug|x86.Build.0 = Debug|Win32
		{C7DE9869-763C-44BD-8093-DC52FE850DF4}.Release|x64.ActiveCfg = Release|x64
		{C7DE9869-763C-44BD-8093-DC52FE850DF4}.Release|x64.Build.0 = Release|x64
		{C7DE9869-763C-44BD-8093-DC52FE850DF4}.Release|x86.ActiveCfg = Release|Win32
		{C7DE9869-763C-44BD-8093-DC52FE850DF4}.Release|x86.Build.0 = Release|Win32
		{C25B7BFA-B0C6-4B1D-A542-E7540D224EB8}.Debug|x64.ActiveCfg = Debug|x64
		{C25B7BFA-B0C6-4B1D-A542-E7540D224EB8}.Debug|x64.Build.0 = Debug|x64
		{C25B7BFA-B0C6-4B1D-A542-E7540D224EB8}.Debug|x86.ActiveCfg = Debug|Win32
		{C25B7BFA-B0C6-4B1D-A542-E7540D224EB8}.Debug|x86.Build.0 = Debug|Win32
		{C25B7BFA-B0C6-4B1D-A542-E7540D224EB8}.Release|x64.ActiveCfg = Release|x64
		{C25B7BFA-B0C6-4B1D-A542-E7540D224EB8}.Release|x64.Build.0 = Release|x64
		{C25B7BFA-B0C6-4B1D-A542-E7540D224EB8}.Release|x86.ActiveCfg = Release|Win32
		{C25B7BFA-B0C6-4B1D-A542-E7540D224EB8}.Release|x86.Build.0 = Release|Win32
		{D3503654-411E-489B-8A17-87AE77D7522E}.Debug|x64.ActiveCfg = Debug|x64
		{D3503654-411E-489B-8A17-87AE77D7522E}.Debug|x64.Build.0 = Debug|x64
		{D3503654-411E-489B-8A17-87AE77D7522E}.Debug|x86.ActiveCfg = Debug|Win32
		{D3503654-411E-489B-8A17-87AE77D7522E}.Debug|x86.Build.0 = Debug|Win32
		{D3503654-411E-489B-8A17-87AE77D7522E}.Release|x64.ActiveCfg = Release|x64
		{D3503654-411E-489B-8A17-87AE77D7522E}.Release|x64.Build.0 = Release|x64
		{D3503654-411E-489B-8A17-87AE77D7522E}.Release|x86.ActiveCfg = Release|Win32
		{D3503654-411E-489B-8A17-87AE77D7522E}.Release|x86.Build.0 = Release|Win32
		{61B77D76-5AE0-4111-9953-46CB4D41D3BC}.Debug|x64.ActiveCfg = Debug|x64
		{61B77D76-5AE0-4111-9953-46CB4D41D3BC}.Debug|x64.Build.0 = Debug|x64
		{61B77D76-5AE0-4111-9953-46CB4D41D3BC}.Debug|x86.ActiveCfg = Debug|Win32
		{61B77D76-5AE0-4111-9953-46CB4D41D3BC}.Debug|x86.Build.0 = Debug|Win32
		{61B77D76-5AE0-4111-9953-46CB4D41D3BC}.Release|x64.ActiveCfg = Release|x64
		{61B77D76-5AE0-4111-9953-46CB4D41D3BC}.Release|x64.Build.0 = Release|x64
		{61B77D76-5AE0-4111-9953-46CB4D41D3BC}.Release|x86.ActiveCfg = Release|Win32
		{61B77D76-5AE0-4111-9953-46CB4D41D3BC}.Release|x86.Build.0 = Release|Win32
		{796B4F71-58FA-4196-B560-FEF42FA7CD6F}.Debug|x64.ActiveCfg = Debug|x64
		{796B4F71-58FA-4196-B560-FEF42FA7CD6F}.Debug|x64.Build.0 = Debug|x64
		{796B4F71-58FA-4196-B560-FEF42FA7CD6F}.Debug|x86.ActiveCfg = Debug|Win32
		{796B4F71-58FA-4196-B560-FEF42FA7CD6F}.Debug|x86.Build.0 = Debug|Win32
		{796B4F71-58FA-4196-B560-FEF42FA7CD6F}.Release|x64.ActiveCfg = Release|x64
		{796B4F71-58FA-4196-B560-FEF42FA7CD6F}.Release|x64.Build.0 = Release|x64
		{796B4F71-58FA-4196-B560-FEF42FA7CD6F}.Release|x86.ActiveCfg = Release|Win32
		{796B4F71-58FA-4196-B560-FEF42FA7CD6F}.Release|x86.Build.0 = Release|Win32
		{69498ECD-9173-48B4-9B5E-EF4D1B62FF87}.Debug|x64.ActiveCfg = Debug|x64
		{69498ECD-9173-48B4-9B5E-EF4D1B62FF87}.Debug|x64.Build.0 = Debug|x64
		{69498ECD-9173-48B4-9B5E-EF4D1B62FF87}.Debug|x86.ActiveCfg = Debug|Win32
		{69498ECD-9173-48B4-9B5E-EF4D1B62FF87}.Debug|x86.Build.0 = Debug|Win32
		{69498ECD-9173-48B4-9B5E-EF4D1B62FF87}.Release|x64.ActiveCfg = Release|x64
		{69498ECD-9173-48B4-9B5E-EF4D1B62FF87}.Release|x64.Build.0 = Release|x64
		{69498ECD-9173-48B4-9B5E-EF4D1B62FF87}.Release|x86.ActiveCfg = Release|Win32
		{69498ECD-9173-48B4-9B5E-EF4D1B62FF87}.Release|x86.Build.0 = Release|Win32
		{75F30E79-BBE8-4A8B-B06C-F09EAA714537}.Debug|x64.ActiveCfg = Debug|x64
		{75F30E79-BBE8-4A8B-B06C-F09EAA714537}.Debug|x64.Build.0 = Debug|x64
		{75F30E79-BBE8-4A8B-B06C-F09EAA714537}.Debug|x86.ActiveCfg = Debug|Win32
		{75F30E79-BBE8-4A8B-B06C-F09EAA714537}.Debug|x86.Build.0 = Debug|Win32
		{75F30E79-BBE8-4A8B-B06C-F09EAA714537}.Release|x64.ActiveCfg = Release|x64
		{75F30E79-BBE8-4A8B-B06C-F09EAA714537}.Release|x64.Build.0 = Release|x64
		{75F30E79-BBE8-4A8B-B06C-F09EAA714537}.Release|x86.ActiveCfg = Release|Win32
		{75F30E79-BBE8-4A8B-B06C-F09EAA714537}.Release|x86.Build.0 = Release|Win32
		{F254EE74-FED0-4309-A795-204E12DB7474}.Debug|x64.ActiveCfg = Debug|x64
		{F254EE74-FED0-4309-A795-204E12DB7474}.Debug|x64.Build.0 = Debug|x64
		{F254EE74-FED0-4309-A795-204E12DB7474}.Debug|x86.ActiveCfg = Debug|Win32
		{F254EE74-FED0-4309-A795-204E12DB7474}.Debug|x86.Build.0 = Debug|Win32
		{F254EE74-FED0-4309-A795-204E12DB7474}.Release|x64.ActiveCfg = Release|x64
		{F254EE74-FED0-4309-A795-204E12DB7474}.Release|x64.Build.0 = Release|x64
		{F254EE74-FED0-4309-A795-204E12DB7474}.Release|x86.ActiveCfg = Release|Win32
		{F254EE74-FED0-4309-A795-204E12DB7474}.Release|x86.Build.0 = Release|Win32
	EndGlobalSection
	GlobalSection(SolutionProperties) = preSolution
		HideSolutionNode = FALSE
	EndGlobalSection
	GlobalSection(NestedProjects) = preSolution
		{7354F61E-034C-4BEB-B261-8AC2977234AC} = {7DC331D0-3EC4-40A6-69FB-1CBEB2E0D1EA}
		{9E8A0949-55BA-4AC0-9003-9FA66850320B} = {02EA681E-C7D8-13C7-8484-4AC65E1B71E8}
		{C7DE9869-763C-44BD-8093-DC52FE850DF4} = {7DC331D0-3EC4-40A6-69FB-1CBEB2E0D1EA}
		{C25B7BFA-B0C6-4B1D-A542-E7540D224EB8} = {57AA1C26-D013-46F8-BB9E-163BCA5C2080}
		{D3503654-411E-489B-8A17-87AE77D7522E} = {57AA1C26-D013-46F8-BB9E-163BCA5C2080}
		{57AA1C26-D013-46F8-BB9E-163BCA5C2080} = {7DC331D0-3EC4-40A6-69FB-1CBEB2E0D1EA}
		{61B77D76-5AE0-4111-9953-46CB4D41D3BC} = {57AA1C26-D013-46F8-BB9E-163BCA5C2080}
		{796B4F71-58FA-4196-B560-FEF42FA7CD6F} = {57AA1C26-D013-46F8-BB9E-163BCA5C2080}
		{69498ECD-9173-48B4-9B5E-EF4D1B62FF87} = {57AA1C26-D013-46F8-BB9E-163BCA5C2080}
		{75F30E79-BBE8-4A8B-B06C-F09EAA714537} = {369CB01D-A1A7-72D2-AABC-3F0945D148A2}
		{F254EE74-FED0-4309-A795-204E12DB7474} = {369CB01D-A1A7-72D2-AABC-3F0945D148A2}
	EndGlobalSection
	GlobalSection(ExtensibilityGlobals) = postSolution
		SolutionGuid = {1B853BD9-1A69-4BFC-8D60-09E43941F684}
	EndGlobalSection
EndGlobal
